// !$*UTF8*$!
{
	archiveVersion = 1;
	classes = {
	};
	objectVersion = 51;
	objects = {

/* Begin PBXBuildFile section */
		32D1F64E289763286228B109 /* Pods_MacroDice.framework in Frameworks */ = {isa = PBXBuildFile; fileRef = FEA864A6AB9D616ED80D5716 /* Pods_MacroDice.framework */; };
		5F7FFA7124B2CDA500383237 /* Constants+Extensions.swift in Sources */ = {isa = PBXBuildFile; fileRef = 5F7FFA7024B2CDA500383237 /* Constants+Extensions.swift */; };
		5F7FFA7324B2D25A00383237 /* HomeScreenViewModel.swift in Sources */ = {isa = PBXBuildFile; fileRef = 5F7FFA7224B2D25A00383237 /* HomeScreenViewModel.swift */; };
		5F7FFA7624B2D27C00383237 /* MacroMakerViewModel.swift in Sources */ = {isa = PBXBuildFile; fileRef = 5F7FFA7524B2D27C00383237 /* MacroMakerViewModel.swift */; };
		5F9E79B6246D0DFE00ED2228 /* MacroCell.swift in Sources */ = {isa = PBXBuildFile; fileRef = 5F9E79B4246D0DFE00ED2228 /* MacroCell.swift */; };
		5F9E79B7246D0DFE00ED2228 /* MacroCell.xib in Resources */ = {isa = PBXBuildFile; fileRef = 5F9E79B5246D0DFE00ED2228 /* MacroCell.xib */; };
		5FBBF3A724B1ADF4002FE46F /* MacroMakerViewController.swift in Sources */ = {isa = PBXBuildFile; fileRef = 5FBBF3A524B1ADF4002FE46F /* MacroMakerViewController.swift */; };
		5FBBF3A824B1ADF4002FE46F /* MacroMakerViewController.xib in Resources */ = {isa = PBXBuildFile; fileRef = 5FBBF3A624B1ADF4002FE46F /* MacroMakerViewController.xib */; };
		5FBC90D22468F45600D62A29 /* AppDelegate.swift in Sources */ = {isa = PBXBuildFile; fileRef = 5FBC90D12468F45600D62A29 /* AppDelegate.swift */; };
		5FBC90DC2468F45600D62A29 /* MacroDice.xcdatamodeld in Sources */ = {isa = PBXBuildFile; fileRef = 5FBC90DA2468F45600D62A29 /* MacroDice.xcdatamodeld */; };
		5FBC90DE2468F45A00D62A29 /* Assets.xcassets in Resources */ = {isa = PBXBuildFile; fileRef = 5FBC90DD2468F45A00D62A29 /* Assets.xcassets */; };
		5FBC90E12468F45A00D62A29 /* LaunchScreen.storyboard in Resources */ = {isa = PBXBuildFile; fileRef = 5FBC90DF2468F45A00D62A29 /* LaunchScreen.storyboard */; };
		5FBC90EC2468F45A00D62A29 /* MacroDiceTests.swift in Sources */ = {isa = PBXBuildFile; fileRef = 5FBC90EB2468F45A00D62A29 /* MacroDiceTests.swift */; };
		5FBC90FD2468F50300D62A29 /* HomeScreenViewController.swift in Sources */ = {isa = PBXBuildFile; fileRef = 5FBC90FB2468F50300D62A29 /* HomeScreenViewController.swift */; };
		5FBC90FE2468F50300D62A29 /* HomeScreenViewController.xib in Resources */ = {isa = PBXBuildFile; fileRef = 5FBC90FC2468F50300D62A29 /* HomeScreenViewController.xib */; };
		5FC0CBCE24B3D79900FB7E48 /* Macro.swift in Sources */ = {isa = PBXBuildFile; fileRef = 5FC0CBCD24B3D79900FB7E48 /* Macro.swift */; };
		5FC5A0F325350F0400E5CF1F /* ActionsCell.swift in Sources */ = {isa = PBXBuildFile; fileRef = 5FC5A0F125350F0400E5CF1F /* ActionsCell.swift */; };
		5FC5A0F425350F0400E5CF1F /* ActionsCell.xib in Resources */ = {isa = PBXBuildFile; fileRef = 5FC5A0F225350F0400E5CF1F /* ActionsCell.xib */; };
		5FC5A0F625356EDE00E5CF1F /* SpinnerViewController.swift in Sources */ = {isa = PBXBuildFile; fileRef = 5FC5A0F525356EDE00E5CF1F /* SpinnerViewController.swift */; };
		5FFB16D224B784BB004B612A /* ResultsViewController.swift in Sources */ = {isa = PBXBuildFile; fileRef = 5FFB16D024B784BB004B612A /* ResultsViewController.swift */; };
		5FFB16D324B784BB004B612A /* ResultsViewController.xib in Resources */ = {isa = PBXBuildFile; fileRef = 5FFB16D124B784BB004B612A /* ResultsViewController.xib */; };
		5FFB16D524B784C6004B612A /* ResultsViewModel.swift in Sources */ = {isa = PBXBuildFile; fileRef = 5FFB16D424B784C6004B612A /* ResultsViewModel.swift */; };
/* End PBXBuildFile section */

/* Begin PBXContainerItemProxy section */
		5FBC90E82468F45A00D62A29 /* PBXContainerItemProxy */ = {
			isa = PBXContainerItemProxy;
			containerPortal = 5FBC90C62468F45600D62A29 /* Project object */;
			proxyType = 1;
			remoteGlobalIDString = 5FBC90CD2468F45600D62A29;
			remoteInfo = MacroDice;
		};
/* End PBXContainerItemProxy section */

/* Begin PBXFileReference section */
		5F7FFA7024B2CDA500383237 /* Constants+Extensions.swift */ = {isa = PBXFileReference; lastKnownFileType = sourcecode.swift; path = "Constants+Extensions.swift"; sourceTree = "<group>"; };
		5F7FFA7224B2D25A00383237 /* HomeScreenViewModel.swift */ = {isa = PBXFileReference; lastKnownFileType = sourcecode.swift; path = HomeScreenViewModel.swift; sourceTree = "<group>"; };
		5F7FFA7524B2D27C00383237 /* MacroMakerViewModel.swift */ = {isa = PBXFileReference; lastKnownFileType = sourcecode.swift; path = MacroMakerViewModel.swift; sourceTree = "<group>"; };
		5F9E79B4246D0DFE00ED2228 /* MacroCell.swift */ = {isa = PBXFileReference; lastKnownFileType = sourcecode.swift; path = MacroCell.swift; sourceTree = "<group>"; };
		5F9E79B5246D0DFE00ED2228 /* MacroCell.xib */ = {isa = PBXFileReference; lastKnownFileType = file.xib; path = MacroCell.xib; sourceTree = "<group>"; };
		5FBBF3A524B1ADF4002FE46F /* MacroMakerViewController.swift */ = {isa = PBXFileReference; lastKnownFileType = sourcecode.swift; path = MacroMakerViewController.swift; sourceTree = "<group>"; };
		5FBBF3A624B1ADF4002FE46F /* MacroMakerViewController.xib */ = {isa = PBXFileReference; lastKnownFileType = file.xib; path = MacroMakerViewController.xib; sourceTree = "<group>"; };
		5FBC90CE2468F45600D62A29 /* MacroDice.app */ = {isa = PBXFileReference; explicitFileType = wrapper.application; includeInIndex = 0; path = MacroDice.app; sourceTree = BUILT_PRODUCTS_DIR; };
		5FBC90D12468F45600D62A29 /* AppDelegate.swift */ = {isa = PBXFileReference; lastKnownFileType = sourcecode.swift; path = AppDelegate.swift; sourceTree = "<group>"; };
		5FBC90DB2468F45600D62A29 /* MacroDice.xcdatamodel */ = {isa = PBXFileReference; lastKnownFileType = wrapper.xcdatamodel; path = MacroDice.xcdatamodel; sourceTree = "<group>"; };
		5FBC90DD2468F45A00D62A29 /* Assets.xcassets */ = {isa = PBXFileReference; lastKnownFileType = folder.assetcatalog; path = Assets.xcassets; sourceTree = "<group>"; };
		5FBC90E02468F45A00D62A29 /* Base */ = {isa = PBXFileReference; lastKnownFileType = file.storyboard; name = Base; path = Base.lproj/LaunchScreen.storyboard; sourceTree = "<group>"; };
		5FBC90E22468F45A00D62A29 /* Info.plist */ = {isa = PBXFileReference; lastKnownFileType = text.plist.xml; path = Info.plist; sourceTree = "<group>"; };
		5FBC90E72468F45A00D62A29 /* MacroDiceTests.xctest */ = {isa = PBXFileReference; explicitFileType = wrapper.cfbundle; includeInIndex = 0; path = MacroDiceTests.xctest; sourceTree = BUILT_PRODUCTS_DIR; };
		5FBC90EB2468F45A00D62A29 /* MacroDiceTests.swift */ = {isa = PBXFileReference; lastKnownFileType = sourcecode.swift; path = MacroDiceTests.swift; sourceTree = "<group>"; };
		5FBC90ED2468F45A00D62A29 /* Info.plist */ = {isa = PBXFileReference; lastKnownFileType = text.plist.xml; path = Info.plist; sourceTree = "<group>"; };
		5FBC90FB2468F50300D62A29 /* HomeScreenViewController.swift */ = {isa = PBXFileReference; lastKnownFileType = sourcecode.swift; path = HomeScreenViewController.swift; sourceTree = "<group>"; };
		5FBC90FC2468F50300D62A29 /* HomeScreenViewController.xib */ = {isa = PBXFileReference; lastKnownFileType = file.xib; path = HomeScreenViewController.xib; sourceTree = "<group>"; };
		5FC0CBCD24B3D79900FB7E48 /* Macro.swift */ = {isa = PBXFileReference; lastKnownFileType = sourcecode.swift; path = Macro.swift; sourceTree = "<group>"; };
		5FC5A0F125350F0400E5CF1F /* ActionsCell.swift */ = {isa = PBXFileReference; lastKnownFileType = sourcecode.swift; path = ActionsCell.swift; sourceTree = "<group>"; };
		5FC5A0F225350F0400E5CF1F /* ActionsCell.xib */ = {isa = PBXFileReference; lastKnownFileType = file.xib; path = ActionsCell.xib; sourceTree = "<group>"; };
		5FC5A0F525356EDE00E5CF1F /* SpinnerViewController.swift */ = {isa = PBXFileReference; lastKnownFileType = sourcecode.swift; path = SpinnerViewController.swift; sourceTree = "<group>"; };
		5FFB16D024B784BB004B612A /* ResultsViewController.swift */ = {isa = PBXFileReference; lastKnownFileType = sourcecode.swift; path = ResultsViewController.swift; sourceTree = "<group>"; };
		5FFB16D124B784BB004B612A /* ResultsViewController.xib */ = {isa = PBXFileReference; lastKnownFileType = file.xib; path = ResultsViewController.xib; sourceTree = "<group>"; };
		5FFB16D424B784C6004B612A /* ResultsViewModel.swift */ = {isa = PBXFileReference; lastKnownFileType = sourcecode.swift; path = ResultsViewModel.swift; sourceTree = "<group>"; };
		C71C9C61287FD06669813110 /* Pods-MacroDice.debug.xcconfig */ = {isa = PBXFileReference; includeInIndex = 1; lastKnownFileType = text.xcconfig; name = "Pods-MacroDice.debug.xcconfig"; path = "Target Support Files/Pods-MacroDice/Pods-MacroDice.debug.xcconfig"; sourceTree = "<group>"; };
		EEF16D39D97E80BF8231A1B5 /* Pods-MacroDice.release.xcconfig */ = {isa = PBXFileReference; includeInIndex = 1; lastKnownFileType = text.xcconfig; name = "Pods-MacroDice.release.xcconfig"; path = "Target Support Files/Pods-MacroDice/Pods-MacroDice.release.xcconfig"; sourceTree = "<group>"; };
		FEA864A6AB9D616ED80D5716 /* Pods_MacroDice.framework */ = {isa = PBXFileReference; explicitFileType = wrapper.framework; includeInIndex = 0; path = Pods_MacroDice.framework; sourceTree = BUILT_PRODUCTS_DIR; };
/* End PBXFileReference section */

/* Begin PBXFrameworksBuildPhase section */
		5FBC90CB2468F45600D62A29 /* Frameworks */ = {
			isa = PBXFrameworksBuildPhase;
			buildActionMask = 2147483647;
			files = (
				32D1F64E289763286228B109 /* Pods_MacroDice.framework in Frameworks */,
			);
			runOnlyForDeploymentPostprocessing = 0;
		};
		5FBC90E42468F45A00D62A29 /* Frameworks */ = {
			isa = PBXFrameworksBuildPhase;
			buildActionMask = 2147483647;
			files = (
			);
			runOnlyForDeploymentPostprocessing = 0;
		};
/* End PBXFrameworksBuildPhase section */

/* Begin PBXGroup section */
		570B0CF93FC0130C149C8617 /* Frameworks */ = {
			isa = PBXGroup;
			children = (
				FEA864A6AB9D616ED80D5716 /* Pods_MacroDice.framework */,
			);
			name = Frameworks;
			sourceTree = "<group>";
		};
		5F7FFA7424B2D26400383237 /* MacroCells */ = {
			isa = PBXGroup;
			children = (
				5F9E79B4246D0DFE00ED2228 /* MacroCell.swift */,
				5F9E79B5246D0DFE00ED2228 /* MacroCell.xib */,
				5FC5A0F125350F0400E5CF1F /* ActionsCell.swift */,
				5FC5A0F225350F0400E5CF1F /* ActionsCell.xib */,
			);
			path = MacroCells;
			sourceTree = "<group>";
		};
		5FBBF3A424B1ADBF002FE46F /* MacroMaker */ = {
			isa = PBXGroup;
			children = (
				5FBBF3A524B1ADF4002FE46F /* MacroMakerViewController.swift */,
				5FBBF3A624B1ADF4002FE46F /* MacroMakerViewController.xib */,
				5F7FFA7524B2D27C00383237 /* MacroMakerViewModel.swift */,
			);
			path = MacroMaker;
			sourceTree = "<group>";
		};
		5FBC90C52468F45600D62A29 = {
			isa = PBXGroup;
			children = (
				5FBC90D02468F45600D62A29 /* MacroDice */,
				5FBC90EA2468F45A00D62A29 /* MacroDiceTests */,
				5FBC90CF2468F45600D62A29 /* Products */,
				FB96E2386CE0C30FF1347800 /* Pods */,
				570B0CF93FC0130C149C8617 /* Frameworks */,
			);
			sourceTree = "<group>";
		};
		5FBC90CF2468F45600D62A29 /* Products */ = {
			isa = PBXGroup;
			children = (
				5FBC90CE2468F45600D62A29 /* MacroDice.app */,
				5FBC90E72468F45A00D62A29 /* MacroDiceTests.xctest */,
			);
			name = Products;
			sourceTree = "<group>";
		};
		5FBC90D02468F45600D62A29 /* MacroDice */ = {
			isa = PBXGroup;
			children = (
				5FFB16CF24B7849C004B612A /* Results */,
				5F7FFA7024B2CDA500383237 /* Constants+Extensions.swift */,
				5FC0CBCD24B3D79900FB7E48 /* Macro.swift */,
				5FC5A0F525356EDE00E5CF1F /* SpinnerViewController.swift */,
				5FBBF3A424B1ADBF002FE46F /* MacroMaker */,
				5FBC90F62468F4BB00D62A29 /* Home */,
				5FBC90D12468F45600D62A29 /* AppDelegate.swift */,
				5FBC90DD2468F45A00D62A29 /* Assets.xcassets */,
				5FBC90DF2468F45A00D62A29 /* LaunchScreen.storyboard */,
				5FBC90E22468F45A00D62A29 /* Info.plist */,
				5FBC90DA2468F45600D62A29 /* MacroDice.xcdatamodeld */,
			);
			path = MacroDice;
			sourceTree = "<group>";
		};
		5FBC90EA2468F45A00D62A29 /* MacroDiceTests */ = {
			isa = PBXGroup;
			children = (
				5FBC90EB2468F45A00D62A29 /* MacroDiceTests.swift */,
				5FBC90ED2468F45A00D62A29 /* Info.plist */,
			);
			path = MacroDiceTests;
			sourceTree = "<group>";
		};
		5FBC90F62468F4BB00D62A29 /* Home */ = {
			isa = PBXGroup;
			children = (
				5F7FFA7424B2D26400383237 /* MacroCells */,
				5FBC90FB2468F50300D62A29 /* HomeScreenViewController.swift */,
				5FBC90FC2468F50300D62A29 /* HomeScreenViewController.xib */,
				5F7FFA7224B2D25A00383237 /* HomeScreenViewModel.swift */,
			);
			path = Home;
			sourceTree = "<group>";
		};
		5FFB16CF24B7849C004B612A /* Results */ = {
			isa = PBXGroup;
			children = (
				5FFB16D024B784BB004B612A /* ResultsViewController.swift */,
				5FFB16D124B784BB004B612A /* ResultsViewController.xib */,
				5FFB16D424B784C6004B612A /* ResultsViewModel.swift */,
			);
			path = Results;
			sourceTree = "<group>";
		};
		FB96E2386CE0C30FF1347800 /* Pods */ = {
			isa = PBXGroup;
			children = (
				C71C9C61287FD06669813110 /* Pods-MacroDice.debug.xcconfig */,
				EEF16D39D97E80BF8231A1B5 /* Pods-MacroDice.release.xcconfig */,
			);
			path = Pods;
			sourceTree = "<group>";
		};
/* End PBXGroup section */

/* Begin PBXNativeTarget section */
		5FBC90CD2468F45600D62A29 /* MacroDice */ = {
			isa = PBXNativeTarget;
			buildConfigurationList = 5FBC90F02468F45A00D62A29 /* Build configuration list for PBXNativeTarget "MacroDice" */;
			buildPhases = (
				55B478CDC1AAB8E79ACF8A04 /* [CP] Check Pods Manifest.lock */,
				5FBC90CA2468F45600D62A29 /* Sources */,
				5FBC90CB2468F45600D62A29 /* Frameworks */,
				5FBC90CC2468F45600D62A29 /* Resources */,
				5265B57C2FCD3A0219139807 /* [CP] Embed Pods Frameworks */,
			);
			buildRules = (
			);
			dependencies = (
			);
			name = MacroDice;
			productName = MacroDice;
			productReference = 5FBC90CE2468F45600D62A29 /* MacroDice.app */;
			productType = "com.apple.product-type.application";
		};
		5FBC90E62468F45A00D62A29 /* MacroDiceTests */ = {
			isa = PBXNativeTarget;
			buildConfigurationList = 5FBC90F32468F45A00D62A29 /* Build configuration list for PBXNativeTarget "MacroDiceTests" */;
			buildPhases = (
				5FBC90E32468F45A00D62A29 /* Sources */,
				5FBC90E42468F45A00D62A29 /* Frameworks */,
				5FBC90E52468F45A00D62A29 /* Resources */,
			);
			buildRules = (
			);
			dependencies = (
				5FBC90E92468F45A00D62A29 /* PBXTargetDependency */,
			);
			name = MacroDiceTests;
			productName = MacroDiceTests;
			productReference = 5FBC90E72468F45A00D62A29 /* MacroDiceTests.xctest */;
			productType = "com.apple.product-type.bundle.unit-test";
		};
/* End PBXNativeTarget section */

/* Begin PBXProject section */
		5FBC90C62468F45600D62A29 /* Project object */ = {
			isa = PBXProject;
			attributes = {
				LastSwiftUpdateCheck = 1120;
				LastUpgradeCheck = 1120;
				ORGANIZATIONNAME = "Nawid Ayobi";
				TargetAttributes = {
					5FBC90CD2468F45600D62A29 = {
						CreatedOnToolsVersion = 11.2;
					};
					5FBC90E62468F45A00D62A29 = {
						CreatedOnToolsVersion = 11.2;
						TestTargetID = 5FBC90CD2468F45600D62A29;
					};
				};
			};
			buildConfigurationList = 5FBC90C92468F45600D62A29 /* Build configuration list for PBXProject "MacroDice" */;
			compatibilityVersion = "Xcode 9.3";
			developmentRegion = en;
			hasScannedForEncodings = 0;
			knownRegions = (
				en,
				Base,
			);
			mainGroup = 5FBC90C52468F45600D62A29;
			productRefGroup = 5FBC90CF2468F45600D62A29 /* Products */;
			projectDirPath = "";
			projectRoot = "";
			targets = (
				5FBC90CD2468F45600D62A29 /* MacroDice */,
				5FBC90E62468F45A00D62A29 /* MacroDiceTests */,
			);
		};
/* End PBXProject section */

/* Begin PBXResourcesBuildPhase section */
		5FBC90CC2468F45600D62A29 /* Resources */ = {
			isa = PBXResourcesBuildPhase;
			buildActionMask = 2147483647;
			files = (
				5F9E79B7246D0DFE00ED2228 /* MacroCell.xib in Resources */,
				5FBC90E12468F45A00D62A29 /* LaunchScreen.storyboard in Resources */,
				5FBC90FE2468F50300D62A29 /* HomeScreenViewController.xib in Resources */,
				5FFB16D324B784BB004B612A /* ResultsViewController.xib in Resources */,
				5FBC90DE2468F45A00D62A29 /* Assets.xcassets in Resources */,
				5FC5A0F425350F0400E5CF1F /* ActionsCell.xib in Resources */,
				5FBBF3A824B1ADF4002FE46F /* MacroMakerViewController.xib in Resources */,
			);
			runOnlyForDeploymentPostprocessing = 0;
		};
		5FBC90E52468F45A00D62A29 /* Resources */ = {
			isa = PBXResourcesBuildPhase;
			buildActionMask = 2147483647;
			files = (
			);
			runOnlyForDeploymentPostprocessing = 0;
		};
/* End PBXResourcesBuildPhase section */

/* Begin PBXShellScriptBuildPhase section */
		5265B57C2FCD3A0219139807 /* [CP] Embed Pods Frameworks */ = {
			isa = PBXShellScriptBuildPhase;
			buildActionMask = 2147483647;
			files = (
			);
			inputFileListPaths = (
				"${PODS_ROOT}/Target Support Files/Pods-MacroDice/Pods-MacroDice-frameworks-${CONFIGURATION}-input-files.xcfilelist",
			);
			name = "[CP] Embed Pods Frameworks";
			outputFileListPaths = (
				"${PODS_ROOT}/Target Support Files/Pods-MacroDice/Pods-MacroDice-frameworks-${CONFIGURATION}-output-files.xcfilelist",
			);
			runOnlyForDeploymentPostprocessing = 0;
			shellPath = /bin/sh;
			shellScript = "\"${PODS_ROOT}/Target Support Files/Pods-MacroDice/Pods-MacroDice-frameworks.sh\"\n";
			showEnvVarsInLog = 0;
		};
		55B478CDC1AAB8E79ACF8A04 /* [CP] Check Pods Manifest.lock */ = {
			isa = PBXShellScriptBuildPhase;
			buildActionMask = 2147483647;
			files = (
			);
			inputFileListPaths = (
			);
			inputPaths = (
				"${PODS_PODFILE_DIR_PATH}/Podfile.lock",
				"${PODS_ROOT}/Manifest.lock",
			);
			name = "[CP] Check Pods Manifest.lock";
			outputFileListPaths = (
			);
			outputPaths = (
				"$(DERIVED_FILE_DIR)/Pods-MacroDice-checkManifestLockResult.txt",
			);
			runOnlyForDeploymentPostprocessing = 0;
			shellPath = /bin/sh;
			shellScript = "diff \"${PODS_PODFILE_DIR_PATH}/Podfile.lock\" \"${PODS_ROOT}/Manifest.lock\" > /dev/null\nif [ $? != 0 ] ; then\n    # print error to STDERR\n    echo \"error: The sandbox is not in sync with the Podfile.lock. Run 'pod install' or update your CocoaPods installation.\" >&2\n    exit 1\nfi\n# This output is used by Xcode 'outputs' to avoid re-running this script phase.\necho \"SUCCESS\" > \"${SCRIPT_OUTPUT_FILE_0}\"\n";
			showEnvVarsInLog = 0;
		};
/* End PBXShellScriptBuildPhase section */

/* Begin PBXSourcesBuildPhase section */
		5FBC90CA2468F45600D62A29 /* Sources */ = {
			isa = PBXSourcesBuildPhase;
			buildActionMask = 2147483647;
			files = (
				5F9E79B6246D0DFE00ED2228 /* MacroCell.swift in Sources */,
				5F7FFA7124B2CDA500383237 /* Constants+Extensions.swift in Sources */,
				5F7FFA7624B2D27C00383237 /* MacroMakerViewModel.swift in Sources */,
				5FC5A0F625356EDE00E5CF1F /* SpinnerViewController.swift in Sources */,
				5FFB16D224B784BB004B612A /* ResultsViewController.swift in Sources */,
				5F7FFA7324B2D25A00383237 /* HomeScreenViewModel.swift in Sources */,
				5FC5A0F325350F0400E5CF1F /* ActionsCell.swift in Sources */,
				5FBC90DC2468F45600D62A29 /* MacroDice.xcdatamodeld in Sources */,
				5FBC90D22468F45600D62A29 /* AppDelegate.swift in Sources */,
				5FBC90FD2468F50300D62A29 /* HomeScreenViewController.swift in Sources */,
				5FC0CBCE24B3D79900FB7E48 /* Macro.swift in Sources */,
				5FFB16D524B784C6004B612A /* ResultsViewModel.swift in Sources */,
				5FBBF3A724B1ADF4002FE46F /* MacroMakerViewController.swift in Sources */,
			);
			runOnlyForDeploymentPostprocessing = 0;
		};
		5FBC90E32468F45A00D62A29 /* Sources */ = {
			isa = PBXSourcesBuildPhase;
			buildActionMask = 2147483647;
			files = (
				5FBC90EC2468F45A00D62A29 /* MacroDiceTests.swift in Sources */,
			);
			runOnlyForDeploymentPostprocessing = 0;
		};
/* End PBXSourcesBuildPhase section */

/* Begin PBXTargetDependency section */
		5FBC90E92468F45A00D62A29 /* PBXTargetDependency */ = {
			isa = PBXTargetDependency;
			target = 5FBC90CD2468F45600D62A29 /* MacroDice */;
			targetProxy = 5FBC90E82468F45A00D62A29 /* PBXContainerItemProxy */;
		};
/* End PBXTargetDependency section */

/* Begin PBXVariantGroup section */
		5FBC90DF2468F45A00D62A29 /* LaunchScreen.storyboard */ = {
			isa = PBXVariantGroup;
			children = (
				5FBC90E02468F45A00D62A29 /* Base */,
			);
			name = LaunchScreen.storyboard;
			sourceTree = "<group>";
		};
/* End PBXVariantGroup section */

/* Begin XCBuildConfiguration section */
		5FBC90EE2468F45A00D62A29 /* Debug */ = {
			isa = XCBuildConfiguration;
			buildSettings = {
				ALWAYS_SEARCH_USER_PATHS = NO;
				CLANG_ANALYZER_NONNULL = YES;
				CLANG_ANALYZER_NUMBER_OBJECT_CONVERSION = YES_AGGRESSIVE;
				CLANG_CXX_LANGUAGE_STANDARD = "gnu++14";
				CLANG_CXX_LIBRARY = "libc++";
				CLANG_ENABLE_MODULES = YES;
				CLANG_ENABLE_OBJC_ARC = YES;
				CLANG_ENABLE_OBJC_WEAK = YES;
				CLANG_WARN_BLOCK_CAPTURE_AUTORELEASING = YES;
				CLANG_WARN_BOOL_CONVERSION = YES;
				CLANG_WARN_COMMA = YES;
				CLANG_WARN_CONSTANT_CONVERSION = YES;
				CLANG_WARN_DEPRECATED_OBJC_IMPLEMENTATIONS = YES;
				CLANG_WARN_DIRECT_OBJC_ISA_USAGE = YES_ERROR;
				CLANG_WARN_DOCUMENTATION_COMMENTS = YES;
				CLANG_WARN_EMPTY_BODY = YES;
				CLANG_WARN_ENUM_CONVERSION = YES;
				CLANG_WARN_INFINITE_RECURSION = YES;
				CLANG_WARN_INT_CONVERSION = YES;
				CLANG_WARN_NON_LITERAL_NULL_CONVERSION = YES;
				CLANG_WARN_OBJC_IMPLICIT_RETAIN_SELF = YES;
				CLANG_WARN_OBJC_LITERAL_CONVERSION = YES;
				CLANG_WARN_OBJC_ROOT_CLASS = YES_ERROR;
				CLANG_WARN_RANGE_LOOP_ANALYSIS = YES;
				CLANG_WARN_STRICT_PROTOTYPES = YES;
				CLANG_WARN_SUSPICIOUS_MOVE = YES;
				CLANG_WARN_UNGUARDED_AVAILABILITY = YES_AGGRESSIVE;
				CLANG_WARN_UNREACHABLE_CODE = YES;
				CLANG_WARN__DUPLICATE_METHOD_MATCH = YES;
				COPY_PHASE_STRIP = NO;
				DEBUG_INFORMATION_FORMAT = dwarf;
				ENABLE_STRICT_OBJC_MSGSEND = YES;
				ENABLE_TESTABILITY = YES;
				GCC_C_LANGUAGE_STANDARD = gnu11;
				GCC_DYNAMIC_NO_PIC = NO;
				GCC_NO_COMMON_BLOCKS = YES;
				GCC_OPTIMIZATION_LEVEL = 0;
				GCC_PREPROCESSOR_DEFINITIONS = (
					"DEBUG=1",
					"$(inherited)",
				);
				GCC_WARN_64_TO_32_BIT_CONVERSION = YES;
				GCC_WARN_ABOUT_RETURN_TYPE = YES_ERROR;
				GCC_WARN_UNDECLARED_SELECTOR = YES;
				GCC_WARN_UNINITIALIZED_AUTOS = YES_AGGRESSIVE;
				GCC_WARN_UNUSED_FUNCTION = YES;
				GCC_WARN_UNUSED_VARIABLE = YES;
				IPHONEOS_DEPLOYMENT_TARGET = 13.2;
				MTL_ENABLE_DEBUG_INFO = INCLUDE_SOURCE;
				MTL_FAST_MATH = YES;
				ONLY_ACTIVE_ARCH = YES;
				SDKROOT = iphoneos;
				SWIFT_ACTIVE_COMPILATION_CONDITIONS = DEBUG;
				SWIFT_OPTIMIZATION_LEVEL = "-Onone";
			};
			name = Debug;
		};
		5FBC90EF2468F45A00D62A29 /* Release */ = {
			isa = XCBuildConfiguration;
			buildSettings = {
				ALWAYS_SEARCH_USER_PATHS = NO;
				CLANG_ANALYZER_NONNULL = YES;
				CLANG_ANALYZER_NUMBER_OBJECT_CONVERSION = YES_AGGRESSIVE;
				CLANG_CXX_LANGUAGE_STANDARD = "gnu++14";
				CLANG_CXX_LIBRARY = "libc++";
				CLANG_ENABLE_MODULES = YES;
				CLANG_ENABLE_OBJC_ARC = YES;
				CLANG_ENABLE_OBJC_WEAK = YES;
				CLANG_WARN_BLOCK_CAPTURE_AUTORELEASING = YES;
				CLANG_WARN_BOOL_CONVERSION = YES;
				CLANG_WARN_COMMA = YES;
				CLANG_WARN_CONSTANT_CONVERSION = YES;
				CLANG_WARN_DEPRECATED_OBJC_IMPLEMENTATIONS = YES;
				CLANG_WARN_DIRECT_OBJC_ISA_USAGE = YES_ERROR;
				CLANG_WARN_DOCUMENTATION_COMMENTS = YES;
				CLANG_WARN_EMPTY_BODY = YES;
				CLANG_WARN_ENUM_CONVERSION = YES;
				CLANG_WARN_INFINITE_RECURSION = YES;
				CLANG_WARN_INT_CONVERSION = YES;
				CLANG_WARN_NON_LITERAL_NULL_CONVERSION = YES;
				CLANG_WARN_OBJC_IMPLICIT_RETAIN_SELF = YES;
				CLANG_WARN_OBJC_LITERAL_CONVERSION = YES;
				CLANG_WARN_OBJC_ROOT_CLASS = YES_ERROR;
				CLANG_WARN_RANGE_LOOP_ANALYSIS = YES;
				CLANG_WARN_STRICT_PROTOTYPES = YES;
				CLANG_WARN_SUSPICIOUS_MOVE = YES;
				CLANG_WARN_UNGUARDED_AVAILABILITY = YES_AGGRESSIVE;
				CLANG_WARN_UNREACHABLE_CODE = YES;
				CLANG_WARN__DUPLICATE_METHOD_MATCH = YES;
				COPY_PHASE_STRIP = NO;
				DEBUG_INFORMATION_FORMAT = "dwarf-with-dsym";
				ENABLE_NS_ASSERTIONS = NO;
				ENABLE_STRICT_OBJC_MSGSEND = YES;
				GCC_C_LANGUAGE_STANDARD = gnu11;
				GCC_NO_COMMON_BLOCKS = YES;
				GCC_WARN_64_TO_32_BIT_CONVERSION = YES;
				GCC_WARN_ABOUT_RETURN_TYPE = YES_ERROR;
				GCC_WARN_UNDECLARED_SELECTOR = YES;
				GCC_WARN_UNINITIALIZED_AUTOS = YES_AGGRESSIVE;
				GCC_WARN_UNUSED_FUNCTION = YES;
				GCC_WARN_UNUSED_VARIABLE = YES;
				IPHONEOS_DEPLOYMENT_TARGET = 13.2;
				MTL_ENABLE_DEBUG_INFO = NO;
				MTL_FAST_MATH = YES;
				SDKROOT = iphoneos;
				SWIFT_COMPILATION_MODE = wholemodule;
				SWIFT_OPTIMIZATION_LEVEL = "-O";
				VALIDATE_PRODUCT = YES;
			};
			name = Release;
		};
		5FBC90F12468F45A00D62A29 /* Debug */ = {
			isa = XCBuildConfiguration;
			baseConfigurationReference = C71C9C61287FD06669813110 /* Pods-MacroDice.debug.xcconfig */;
			buildSettings = {
				ASSETCATALOG_COMPILER_APPICON_NAME = AppIcon;
				CODE_SIGN_STYLE = Automatic;
				INFOPLIST_FILE = MacroDice/Info.plist;
				IPHONEOS_DEPLOYMENT_TARGET = 11.0;
				LD_RUNPATH_SEARCH_PATHS = (
					"$(inherited)",
					"@executable_path/Frameworks",
				);
				PRODUCT_BUNDLE_IDENTIFIER = Naiguy.MacroDice;
				PRODUCT_NAME = "$(TARGET_NAME)";
				SWIFT_VERSION = 5.0;
				TARGETED_DEVICE_FAMILY = "1,2";
			};
			name = Debug;
		};
		5FBC90F22468F45A00D62A29 /* Release */ = {
			isa = XCBuildConfiguration;
			baseConfigurationReference = EEF16D39D97E80BF8231A1B5 /* Pods-MacroDice.release.xcconfig */;
			buildSettings = {
				ASSETCATALOG_COMPILER_APPICON_NAME = AppIcon;
				CODE_SIGN_STYLE = Automatic;
				INFOPLIST_FILE = MacroDice/Info.plist;
				IPHONEOS_DEPLOYMENT_TARGET = 11.0;
				LD_RUNPATH_SEARCH_PATHS = (
					"$(inherited)",
					"@executable_path/Frameworks",
				);
				PRODUCT_BUNDLE_IDENTIFIER = Naiguy.MacroDice;
				PRODUCT_NAME = "$(TARGET_NAME)";
				SWIFT_VERSION = 5.0;
				TARGETED_DEVICE_FAMILY = "1,2";
			};
			name = Release;
		};
		5FBC90F42468F45A00D62A29 /* Debug */ = {
			isa = XCBuildConfiguration;
			buildSettings = {
				ALWAYS_EMBED_SWIFT_STANDARD_LIBRARIES = YES;
				BUNDLE_LOADER = "$(TEST_HOST)";
				CODE_SIGN_STYLE = Automatic;
				INFOPLIST_FILE = MacroDiceTests/Info.plist;
				IPHONEOS_DEPLOYMENT_TARGET = 13.2;
				LD_RUNPATH_SEARCH_PATHS = (
					"$(inherited)",
					"@executable_path/Frameworks",
					"@loader_path/Frameworks",
				);
				PRODUCT_BUNDLE_IDENTIFIER = Naiguy.MacroDiceTests;
				PRODUCT_NAME = "$(TARGET_NAME)";
				SWIFT_VERSION = 5.0;
				TARGETED_DEVICE_FAMILY = "1,2";
				TEST_HOST = "$(BUILT_PRODUCTS_DIR)/MacroDice.app/MacroDice";
			};
			name = Debug;
		};
		5FBC90F52468F45A00D62A29 /* Release */ = {
			isa = XCBuildConfiguration;
			buildSettings = {
				ALWAYS_EMBED_SWIFT_STANDARD_LIBRARIES = YES;
				BUNDLE_LOADER = "$(TEST_HOST)";
				CODE_SIGN_STYLE = Automatic;
				INFOPLIST_FILE = MacroDiceTests/Info.plist;
				IPHONEOS_DEPLOYMENT_TARGET = 13.2;
				LD_RUNPATH_SEARCH_PATHS = (
					"$(inherited)",
					"@executable_path/Frameworks",
					"@loader_path/Frameworks",
				);
				PRODUCT_BUNDLE_IDENTIFIER = Naiguy.MacroDiceTests;
				PRODUCT_NAME = "$(TARGET_NAME)";
				SWIFT_VERSION = 5.0;
				TARGETED_DEVICE_FAMILY = "1,2";
				TEST_HOST = "$(BUILT_PRODUCTS_DIR)/MacroDice.app/MacroDice";
			};
			name = Release;
		};
/* End XCBuildConfiguration section */

/* Begin XCConfigurationList section */
		5FBC90C92468F45600D62A29 /* Build configuration list for PBXProject "MacroDice" */ = {
			isa = XCConfigurationList;
			buildConfigurations = (
				5FBC90EE2468F45A00D62A29 /* Debug */,
				5FBC90EF2468F45A00D62A29 /* Release */,
			);
			defaultConfigurationIsVisible = 0;
			defaultConfigurationName = Release;
		};
		5FBC90F02468F45A00D62A29 /* Build configuration list for PBXNativeTarget "MacroDice" */ = {
			isa = XCConfigurationList;
			buildConfigurations = (
				5FBC90F12468F45A00D62A29 /* Debug */,
				5FBC90F22468F45A00D62A29 /* Release */,
			);
			defaultConfigurationIsVisible = 0;
			defaultConfigurationName = Release;
		};
		5FBC90F32468F45A00D62A29 /* Build configuration list for PBXNativeTarget "MacroDiceTests" */ = {
			isa = XCConfigurationList;
			buildConfigurations = (
				5FBC90F42468F45A00D62A29 /* Debug */,
				5FBC90F52468F45A00D62A29 /* Release */,
			);
			defaultConfigurationIsVisible = 0;
			defaultConfigurationName = Release;
		};
/* End XCConfigurationList section */

/* Begin XCVersionGroup section */
		5FBC90DA2468F45600D62A29 /* MacroDice.xcdatamodeld */ = {
			isa = XCVersionGroup;
			children = (
				5FBC90DB2468F45600D62A29 /* MacroDice.xcdatamodel */,
			);
			currentVersion = 5FBC90DB2468F45600D62A29 /* MacroDice.xcdatamodel */;
			path = MacroDice.xcdatamodeld;
			sourceTree = "<group>";
			versionGroupType = wrapper.xcdatamodel;
		};
/* End XCVersionGroup section */
	};
	rootObject = 5FBC90C62468F45600D62A29 /* Project object */;
}
